{
  "name": "editor",
  "lockfileVersion": 2,
  "requires": true,
  "packages": {
    "": {
      "dependencies": {
        "@octokit/auth-oauth-app": "^5.0.4",
        "@octokit/core": "^4.1.0",
        "gray-matter": "^4.0.3",
        "mobiledoc-dom-renderer": "^0.7.2",
        "simple-dom": "^1.4.0",
        "turndown": "^7.1.1"
      }
    },
    "node_modules/@octokit/auth-oauth-app": {
      "version": "5.0.4",
      "resolved": "https://registry.npmjs.org/@octokit/auth-oauth-app/-/auth-oauth-app-5.0.4.tgz",
      "integrity": "sha512-zlWuii5hAN50vsV6SJC+uIJ7SMhyWjQMEmKJQxkmNDlieE9LjnkZnbOjqRsfcG7VO7WTl4K8ccpo/3A7Kdpmrw==",
      "dependencies": {
        "@octokit/auth-oauth-device": "^4.0.0",
        "@octokit/auth-oauth-user": "^2.0.0",
        "@octokit/request": "^6.0.0",
        "@octokit/types": "^8.0.0",
        "@types/btoa-lite": "^1.0.0",
        "btoa-lite": "^1.0.0",
        "universal-user-agent": "^6.0.0"
      },
      "engines": {
        "node": ">= 14"
      }
    },
    "node_modules/@octokit/auth-oauth-device": {
      "version": "4.0.3",
      "resolved": "https://registry.npmjs.org/@octokit/auth-oauth-device/-/auth-oauth-device-4.0.3.tgz",
      "integrity": "sha512-KPTx5nMntKjNZzzltO3X4T68v22rd7Cp/TcLJXQE2U8aXPcZ9LFuww9q9Q5WUNSu3jwi3lRwzfkPguRfz1R8Vg==",
      "dependencies": {
        "@octokit/oauth-methods": "^2.0.0",
        "@octokit/request": "^6.0.0",
        "@octokit/types": "^8.0.0",
        "universal-user-agent": "^6.0.0"
      },
      "engines": {
        "node": ">= 14"
      }
    },
    "node_modules/@octokit/auth-oauth-user": {
      "version": "2.0.4",
      "resolved": "https://registry.npmjs.org/@octokit/auth-oauth-user/-/auth-oauth-user-2.0.4.tgz",
      "integrity": "sha512-HrbDzTPqz6GcGSOUkR+wSeF3vEqsb9NMsmPja/qqqdiGmlk/Czkxctc3KeWYogHonp62Ml4kjz2VxKawrFsadQ==",
      "dependencies": {
        "@octokit/auth-oauth-device": "^4.0.0",
        "@octokit/oauth-methods": "^2.0.0",
        "@octokit/request": "^6.0.0",
        "@octokit/types": "^8.0.0",
        "btoa-lite": "^1.0.0",
        "universal-user-agent": "^6.0.0"
      },
      "engines": {
        "node": ">= 14"
      }
    },
    "node_modules/@octokit/auth-token": {
      "version": "3.0.2",
      "resolved": "https://registry.npmjs.org/@octokit/auth-token/-/auth-token-3.0.2.tgz",
      "integrity": "sha512-pq7CwIMV1kmzkFTimdwjAINCXKTajZErLB4wMLYapR2nuB/Jpr66+05wOTZMSCBXP6n4DdDWT2W19Bm17vU69Q==",
      "dependencies": {
        "@octokit/types": "^8.0.0"
      },
      "engines": {
        "node": ">= 14"
      }
    },
    "node_modules/@octokit/core": {
      "version": "4.1.0",
      "resolved": "https://registry.npmjs.org/@octokit/core/-/core-4.1.0.tgz",
      "integrity": "sha512-Czz/59VefU+kKDy+ZfDwtOIYIkFjExOKf+HA92aiTZJ6EfWpFzYQWw0l54ji8bVmyhc+mGaLUbSUmXazG7z5OQ==",
      "dependencies": {
        "@octokit/auth-token": "^3.0.0",
        "@octokit/graphql": "^5.0.0",
        "@octokit/request": "^6.0.0",
        "@octokit/request-error": "^3.0.0",
        "@octokit/types": "^8.0.0",
        "before-after-hook": "^2.2.0",
        "universal-user-agent": "^6.0.0"
      },
      "engines": {
        "node": ">= 14"
      }
    },
    "node_modules/@octokit/endpoint": {
      "version": "7.0.3",
      "resolved": "https://registry.npmjs.org/@octokit/endpoint/-/endpoint-7.0.3.tgz",
      "integrity": "sha512-57gRlb28bwTsdNXq+O3JTQ7ERmBTuik9+LelgcLIVfYwf235VHbN9QNo4kXExtp/h8T423cR5iJThKtFYxC7Lw==",
      "dependencies": {
        "@octokit/types": "^8.0.0",
        "is-plain-object": "^5.0.0",
        "universal-user-agent": "^6.0.0"
      },
      "engines": {
        "node": ">= 14"
      }
    },
    "node_modules/@octokit/graphql": {
      "version": "5.0.4",
      "resolved": "https://registry.npmjs.org/@octokit/graphql/-/graphql-5.0.4.tgz",
      "integrity": "sha512-amO1M5QUQgYQo09aStR/XO7KAl13xpigcy/kI8/N1PnZYSS69fgte+xA4+c2DISKqUZfsh0wwjc2FaCt99L41A==",
      "dependencies": {
        "@octokit/request": "^6.0.0",
        "@octokit/types": "^8.0.0",
        "universal-user-agent": "^6.0.0"
      },
      "engines": {
        "node": ">= 14"
      }
    },
    "node_modules/@octokit/oauth-authorization-url": {
      "version": "5.0.0",
      "resolved": "https://registry.npmjs.org/@octokit/oauth-authorization-url/-/oauth-authorization-url-5.0.0.tgz",
      "integrity": "sha512-y1WhN+ERDZTh0qZ4SR+zotgsQUE1ysKnvBt1hvDRB2WRzYtVKQjn97HEPzoehh66Fj9LwNdlZh+p6TJatT0zzg==",
      "engines": {
        "node": ">= 14"
      }
    },
    "node_modules/@octokit/oauth-methods": {
      "version": "2.0.4",
      "resolved": "https://registry.npmjs.org/@octokit/oauth-methods/-/oauth-methods-2.0.4.tgz",
      "integrity": "sha512-RDSa6XL+5waUVrYSmOlYROtPq0+cfwppP4VaQY/iIei3xlFb0expH6YNsxNrZktcLhJWSpm9uzeom+dQrXlS3A==",
      "dependencies": {
        "@octokit/oauth-authorization-url": "^5.0.0",
        "@octokit/request": "^6.0.0",
        "@octokit/request-error": "^3.0.0",
        "@octokit/types": "^8.0.0",
        "btoa-lite": "^1.0.0"
      },
      "engines": {
        "node": ">= 14"
      }
    },
    "node_modules/@octokit/openapi-types": {
      "version": "14.0.0",
      "resolved": "https://registry.npmjs.org/@octokit/openapi-types/-/openapi-types-14.0.0.tgz",
      "integrity": "sha512-HNWisMYlR8VCnNurDU6os2ikx0s0VyEjDYHNS/h4cgb8DeOxQ0n72HyinUtdDVxJhFy3FWLGl0DJhfEWk3P5Iw=="
    },
    "node_modules/@octokit/request": {
      "version": "6.2.2",
      "resolved": "https://registry.npmjs.org/@octokit/request/-/request-6.2.2.tgz",
      "integrity": "sha512-6VDqgj0HMc2FUX2awIs+sM6OwLgwHvAi4KCK3mT2H2IKRt6oH9d0fej5LluF5mck1lRR/rFWN0YIDSYXYSylbw==",
      "dependencies": {
        "@octokit/endpoint": "^7.0.0",
        "@octokit/request-error": "^3.0.0",
        "@octokit/types": "^8.0.0",
        "is-plain-object": "^5.0.0",
        "node-fetch": "^2.6.7",
        "universal-user-agent": "^6.0.0"
      },
      "engines": {
        "node": ">= 14"
      }
    },
    "node_modules/@octokit/request-error": {
      "version": "3.0.2",
      "resolved": "https://registry.npmjs.org/@octokit/request-error/-/request-error-3.0.2.tgz",
      "integrity": "sha512-WMNOFYrSaX8zXWoJg9u/pKgWPo94JXilMLb2VManNOby9EZxrQaBe/QSC4a1TzpAlpxofg2X/jMnCyZgL6y7eg==",
      "dependencies": {
        "@octokit/types": "^8.0.0",
        "deprecation": "^2.0.0",
        "once": "^1.4.0"
      },
      "engines": {
        "node": ">= 14"
      }
    },
    "node_modules/@octokit/types": {
      "version": "8.0.0",
      "resolved": "https://registry.npmjs.org/@octokit/types/-/types-8.0.0.tgz",
      "integrity": "sha512-65/TPpOJP1i3K4lBJMnWqPUJ6zuOtzhtagDvydAWbEXpbFYA0oMKKyLb95NFZZP0lSh/4b6K+DQlzvYQJQQePg==",
      "dependencies": {
        "@octokit/openapi-types": "^14.0.0"
      }
    },
    "node_modules/@simple-dom/document": {
      "version": "1.4.0",
      "resolved": "https://registry.npmjs.org/@simple-dom/document/-/document-1.4.0.tgz",
      "integrity": "sha512-/RUeVH4kuD3rzo5/91+h4Z1meLSLP66eXqpVAw/4aZmYozkeqUkMprq0znL4psX/adEed5cBgiNJcfMz/eKZLg==",
      "dependencies": {
        "@simple-dom/interface": "^1.4.0"
      }
    },
    "node_modules/@simple-dom/interface": {
      "version": "1.4.0",
      "resolved": "https://registry.npmjs.org/@simple-dom/interface/-/interface-1.4.0.tgz",
      "integrity": "sha512-l5qumKFWU0S+4ZzMaLXFU8tQZsicHEMEyAxI5kDFGhJsRqDwe0a7/iPA/GdxlGyDKseQQAgIz5kzU7eXTrlSpA=="
    },
    "node_modules/@simple-dom/parser": {
      "version": "1.4.0",
      "resolved": "https://registry.npmjs.org/@simple-dom/parser/-/parser-1.4.0.tgz",
      "integrity": "sha512-TNjDkOehueRIKr1df416qk9ELj+qWuVVJNIT25y1aZg3pQvxv4UPGrgaDFte7dsWBTbF3V8NYPNQ5FDUZQ8Wlg==",
      "dependencies": {
        "@simple-dom/interface": "^1.4.0"
      }
    },
    "node_modules/@simple-dom/serializer": {
      "version": "1.4.0",
      "resolved": "https://registry.npmjs.org/@simple-dom/serializer/-/serializer-1.4.0.tgz",
      "integrity": "sha512-mI1yRahsVs8atXLiQksineDsFEFqeG7RHwnnBTDOK6inbzl4tZQgjR+Z7edjgIJq5j5RhZvwPI6EuCji9B3eQw==",
      "dependencies": {
        "@simple-dom/interface": "^1.4.0"
      }
    },
    "node_modules/@simple-dom/void-map": {
      "version": "1.4.0",
      "resolved": "https://registry.npmjs.org/@simple-dom/void-map/-/void-map-1.4.0.tgz",
      "integrity": "sha512-VDhLEyVCbuhOBBgHol9ShzIv9O8UCzdXeH4FoXu2DOcu/nnvTjLTck+BgXsCLv5ynDiUdoqsREEVFnoyPpFKVw=="
    },
    "node_modules/@types/btoa-lite": {
      "version": "1.0.0",
      "resolved": "https://registry.npmjs.org/@types/btoa-lite/-/btoa-lite-1.0.0.tgz",
      "integrity": "sha512-wJsiX1tosQ+J5+bY5LrSahHxr2wT+uME5UDwdN1kg4frt40euqA+wzECkmq4t5QbveHiJepfdThgQrPw6KiSlg=="
    },
    "node_modules/argparse": {
      "version": "1.0.10",
      "resolved": "https://registry.npmjs.org/argparse/-/argparse-1.0.10.tgz",
      "integrity": "sha512-o5Roy6tNG4SL/FOkCAN6RzjiakZS25RLYFrcMttJqbdd8BWrnA+fGz57iN5Pb06pvBGvl5gQ0B48dJlslXvoTg==",
      "dependencies": {
        "sprintf-js": "~1.0.2"
      }
    },
    "node_modules/before-after-hook": {
      "version": "2.2.3",
      "resolved": "https://registry.npmjs.org/before-after-hook/-/before-after-hook-2.2.3.tgz",
      "integrity": "sha512-NzUnlZexiaH/46WDhANlyR2bXRopNg4F/zuSA3OpZnllCUgRaOF2znDioDWrmbNVsuZk6l9pMquQB38cfBZwkQ=="
    },
    "node_modules/btoa-lite": {
      "version": "1.0.0",
      "resolved": "https://registry.npmjs.org/btoa-lite/-/btoa-lite-1.0.0.tgz",
      "integrity": "sha512-gvW7InbIyF8AicrqWoptdW08pUxuhq8BEgowNajy9RhiE86fmGAGl+bLKo6oB8QP0CkqHLowfN0oJdKC/J6LbA=="
    },
    "node_modules/deprecation": {
      "version": "2.3.1",
      "resolved": "https://registry.npmjs.org/deprecation/-/deprecation-2.3.1.tgz",
      "integrity": "sha512-xmHIy4F3scKVwMsQ4WnVaS8bHOx0DmVwRywosKhaILI0ywMDWPtBSku2HNxRvF7jtwDRsoEwYQSfbxj8b7RlJQ=="
    },
    "node_modules/domino": {
      "version": "2.1.6",
      "resolved": "https://registry.npmjs.org/domino/-/domino-2.1.6.tgz",
      "integrity": "sha512-3VdM/SXBZX2omc9JF9nOPCtDaYQ67BGp5CoLpIQlO2KCAPETs8TcDHacF26jXadGbvUteZzRTeos2fhID5+ucQ=="
    },
    "node_modules/esprima": {
      "version": "4.0.1",
      "resolved": "https://registry.npmjs.org/esprima/-/esprima-4.0.1.tgz",
      "integrity": "sha512-eGuFFw7Upda+g4p+QHvnW0RyTX/SVeJBDM/gCtMARO0cLuT2HcEKnTPvhjV6aGeqrCB/sbNop0Kszm0jsaWU4A==",
      "bin": {
        "esparse": "bin/esparse.js",
        "esvalidate": "bin/esvalidate.js"
      },
      "engines": {
        "node": ">=4"
      }
    },
    "node_modules/extend-shallow": {
      "version": "2.0.1",
      "resolved": "https://registry.npmjs.org/extend-shallow/-/extend-shallow-2.0.1.tgz",
      "integrity": "sha512-zCnTtlxNoAiDc3gqY2aYAWFx7XWWiasuF2K8Me5WbN8otHKTUKBwjPtNpRs/rbUZm7KxWAaNj7P1a/p52GbVug==",
      "dependencies": {
        "is-extendable": "^0.1.0"
      },
      "engines": {
        "node": ">=0.10.0"
      }
    },
    "node_modules/gray-matter": {
      "version": "4.0.3",
      "resolved": "https://registry.npmjs.org/gray-matter/-/gray-matter-4.0.3.tgz",
      "integrity": "sha512-5v6yZd4JK3eMI3FqqCouswVqwugaA9r4dNZB1wwcmrD02QkV5H0y7XBQW8QwQqEaZY1pM9aqORSORhJRdNK44Q==",
      "dependencies": {
        "js-yaml": "^3.13.1",
        "kind-of": "^6.0.2",
        "section-matter": "^1.0.0",
        "strip-bom-string": "^1.0.0"
      },
      "engines": {
        "node": ">=6.0"
      }
    },
    "node_modules/is-extendable": {
      "version": "0.1.1",
      "resolved": "https://registry.npmjs.org/is-extendable/-/is-extendable-0.1.1.tgz",
      "integrity": "sha512-5BMULNob1vgFX6EjQw5izWDxrecWK9AM72rugNr0TFldMOi0fj6Jk+zeKIt0xGj4cEfQIJth4w3OKWOJ4f+AFw==",
      "engines": {
        "node": ">=0.10.0"
      }
    },
    "node_modules/is-plain-object": {
      "version": "5.0.0",
      "resolved": "https://registry.npmjs.org/is-plain-object/-/is-plain-object-5.0.0.tgz",
      "integrity": "sha512-VRSzKkbMm5jMDoKLbltAkFQ5Qr7VDiTFGXxYFXXowVj387GeGNOCsOH6Msy00SGZ3Fp84b1Naa1psqgcCIEP5Q==",
      "engines": {
        "node": ">=0.10.0"
      }
    },
    "node_modules/js-yaml": {
      "version": "3.14.1",
      "resolved": "https://registry.npmjs.org/js-yaml/-/js-yaml-3.14.1.tgz",
      "integrity": "sha512-okMH7OXXJ7YrN9Ok3/SXrnu4iX9yOk+25nqX4imS2npuvTYDmo/QEZoqwZkYaIDk3jVvBOTOIEgEhaLOynBS9g==",
      "dependencies": {
        "argparse": "^1.0.7",
        "esprima": "^4.0.0"
      },
      "bin": {
        "js-yaml": "bin/js-yaml.js"
      }
    },
    "node_modules/kind-of": {
      "version": "6.0.3",
      "resolved": "https://registry.npmjs.org/kind-of/-/kind-of-6.0.3.tgz",
      "integrity": "sha512-dcS1ul+9tmeD95T+x28/ehLgd9mENa3LsvDTtzm3vyBEO7RPptvAD+t44WVXaUjTBRcrpFeFlC8WCruUR456hw==",
      "engines": {
        "node": ">=0.10.0"
      }
    },
    "node_modules/mobiledoc-dom-renderer": {
      "version": "0.7.2",
      "resolved": "https://registry.npmjs.org/mobiledoc-dom-renderer/-/mobiledoc-dom-renderer-0.7.2.tgz",
      "integrity": "sha512-0vw/ybxCWXI0sIcBk9GVq3PMfVWJ4qpLWBal8ZoZVP/S5MMRjxFwyOctOfUmsY2dVi6BSvomp8yFqNloawwyig=="
    },
    "node_modules/node-fetch": {
      "version": "2.6.7",
      "resolved": "https://registry.npmjs.org/node-fetch/-/node-fetch-2.6.7.tgz",
      "integrity": "sha512-ZjMPFEfVx5j+y2yF35Kzx5sF7kDzxuDj6ziH4FFbOp87zKDZNx8yExJIb05OGF4Nlt9IHFIMBkRl41VdvcNdbQ==",
      "dependencies": {
        "whatwg-url": "^5.0.0"
      },
      "engines": {
        "node": "4.x || >=6.0.0"
      },
      "peerDependencies": {
        "encoding": "^0.1.0"
      },
      "peerDependenciesMeta": {
        "encoding": {
          "optional": true
        }
      }
    },
    "node_modules/once": {
      "version": "1.4.0",
      "resolved": "https://registry.npmjs.org/once/-/once-1.4.0.tgz",
      "integrity": "sha512-lNaJgI+2Q5URQBkccEKHTQOPaXdUxnZZElQTZY0MFUAuaEqe1E+Nyvgdz/aIyNi6Z9MzO5dv1H8n58/GELp3+w==",
      "dependencies": {
        "wrappy": "1"
      }
    },
    "node_modules/section-matter": {
      "version": "1.0.0",
      "resolved": "https://registry.npmjs.org/section-matter/-/section-matter-1.0.0.tgz",
      "integrity": "sha512-vfD3pmTzGpufjScBh50YHKzEu2lxBWhVEHsNGoEXmCmn2hKGfeNLYMzCJpe8cD7gqX7TJluOVpBkAequ6dgMmA==",
      "dependencies": {
        "extend-shallow": "^2.0.1",
        "kind-of": "^6.0.0"
      },
      "engines": {
        "node": ">=4"
      }
    },
    "node_modules/simple-dom": {
      "version": "1.4.0",
      "resolved": "https://registry.npmjs.org/simple-dom/-/simple-dom-1.4.0.tgz",
      "integrity": "sha512-TnBPkmOyjdaOqyBMb4ick+n8c0Xv9Iwg1PykFV7hz9Se3UCiacTbRb+25cPmvozFNJLBUNvUzX/KsPfXF14ivA==",
      "dependencies": {
        "@simple-dom/document": "^1.4.0",
        "@simple-dom/interface": "^1.4.0",
        "@simple-dom/parser": "^1.4.0",
        "@simple-dom/serializer": "^1.4.0",
        "@simple-dom/void-map": "^1.4.0"
      }
    },
    "node_modules/sprintf-js": {
      "version": "1.0.3",
      "resolved": "https://registry.npmjs.org/sprintf-js/-/sprintf-js-1.0.3.tgz",
      "integrity": "sha512-D9cPgkvLlV3t3IzL0D0YLvGA9Ahk4PcvVwUbN0dSGr1aP0Nrt4AEnTUbuGvquEC0mA64Gqt1fzirlRs5ibXx8g=="
    },
    "node_modules/strip-bom-string": {
      "version": "1.0.0",
      "resolved": "https://registry.npmjs.org/strip-bom-string/-/strip-bom-string-1.0.0.tgz",
      "integrity": "sha512-uCC2VHvQRYu+lMh4My/sFNmF2klFymLX1wHJeXnbEJERpV/ZsVuonzerjfrGpIGF7LBVa1O7i9kjiWvJiFck8g==",
      "engines": {
        "node": ">=0.10.0"
      }
    },
    "node_modules/tr46": {
      "version": "0.0.3",
      "resolved": "https://registry.npmjs.org/tr46/-/tr46-0.0.3.tgz",
      "integrity": "sha512-N3WMsuqV66lT30CrXNbEjx4GEwlow3v6rr4mCcv6prnfwhS01rkgyFdjPNBYd9br7LpXV1+Emh01fHnq2Gdgrw=="
    },
    "node_modules/turndown": {
      "version": "7.1.1",
      "resolved": "https://registry.npmjs.org/turndown/-/turndown-7.1.1.tgz",
      "integrity": "sha512-BEkXaWH7Wh7e9bd2QumhfAXk5g34+6QUmmWx+0q6ThaVOLuLUqsnkq35HQ5SBHSaxjSfSM7US5o4lhJNH7B9MA==",
      "dependencies": {
        "domino": "^2.1.6"
      }
    },
    "node_modules/universal-user-agent": {
      "version": "6.0.0",
      "resolved": "https://registry.npmjs.org/universal-user-agent/-/universal-user-agent-6.0.0.tgz",
      "integrity": "sha512-isyNax3wXoKaulPDZWHQqbmIx1k2tb9fb3GGDBRxCscfYV2Ch7WxPArBsFEG8s/safwXTT7H4QGhaIkTp9447w=="
    },
    "node_modules/webidl-conversions": {
      "version": "3.0.1",
      "resolved": "https://registry.npmjs.org/webidl-conversions/-/webidl-conversions-3.0.1.tgz",
      "integrity": "sha512-2JAn3z8AR6rjK8Sm8orRC0h/bcl/DqL7tRPdGZ4I1CjdF+EaMLmYxBHyXuKL849eucPFhvBoxMsflfOb8kxaeQ=="
    },
    "node_modules/whatwg-url": {
      "version": "5.0.0",
      "resolved": "https://registry.npmjs.org/whatwg-url/-/whatwg-url-5.0.0.tgz",
      "integrity": "sha512-saE57nupxk6v3HY35+jzBwYa0rKSy0XR8JSxZPwgLr7ys0IBzhGviA1/TUGJLmSVqs8pb9AnvICXEuOHLprYTw==",
      "dependencies": {
        "tr46": "~0.0.3",
        "webidl-conversions": "^3.0.0"
      }
    },
    "node_modules/wrappy": {
      "version": "1.0.2",
      "resolved": "https://registry.npmjs.org/wrappy/-/wrappy-1.0.2.tgz",
      "integrity": "sha512-l4Sp/DRseor9wL6EvV2+TuQn63dMkPjZ/sp9XkghTEbV9KlPS1xUsZ3u7/IQO4wxtcFB4bgpQPRcR3QCvezPcQ=="
    }
  },
  "dependencies": {
    "@octokit/auth-oauth-app": {
      "version": "5.0.4",
      "resolved": "https://registry.npmjs.org/@octokit/auth-oauth-app/-/auth-oauth-app-5.0.4.tgz",
      "integrity": "sha512-zlWuii5hAN50vsV6SJC+uIJ7SMhyWjQMEmKJQxkmNDlieE9LjnkZnbOjqRsfcG7VO7WTl4K8ccpo/3A7Kdpmrw==",
      "requires": {
        "@octokit/auth-oauth-device": "^4.0.0",
        "@octokit/auth-oauth-user": "^2.0.0",
        "@octokit/request": "^6.0.0",
        "@octokit/types": "^8.0.0",
        "@types/btoa-lite": "^1.0.0",
        "btoa-lite": "^1.0.0",
        "universal-user-agent": "^6.0.0"
      }
    },
    "@octokit/auth-oauth-device": {
      "version": "4.0.3",
      "resolved": "https://registry.npmjs.org/@octokit/auth-oauth-device/-/auth-oauth-device-4.0.3.tgz",
      "integrity": "sha512-KPTx5nMntKjNZzzltO3X4T68v22rd7Cp/TcLJXQE2U8aXPcZ9LFuww9q9Q5WUNSu3jwi3lRwzfkPguRfz1R8Vg==",
      "requires": {
        "@octokit/oauth-methods": "^2.0.0",
        "@octokit/request": "^6.0.0",
        "@octokit/types": "^8.0.0",
        "universal-user-agent": "^6.0.0"
      }
    },
    "@octokit/auth-oauth-user": {
      "version": "2.0.4",
      "resolved": "https://registry.npmjs.org/@octokit/auth-oauth-user/-/auth-oauth-user-2.0.4.tgz",
      "integrity": "sha512-HrbDzTPqz6GcGSOUkR+wSeF3vEqsb9NMsmPja/qqqdiGmlk/Czkxctc3KeWYogHonp62Ml4kjz2VxKawrFsadQ==",
      "requires": {
        "@octokit/auth-oauth-device": "^4.0.0",
        "@octokit/oauth-methods": "^2.0.0",
        "@octokit/request": "^6.0.0",
        "@octokit/types": "^8.0.0",
        "btoa-lite": "^1.0.0",
        "universal-user-agent": "^6.0.0"
      }
    },
    "@octokit/auth-token": {
      "version": "3.0.2",
      "resolved": "https://registry.npmjs.org/@octokit/auth-token/-/auth-token-3.0.2.tgz",
      "integrity": "sha512-pq7CwIMV1kmzkFTimdwjAINCXKTajZErLB4wMLYapR2nuB/Jpr66+05wOTZMSCBXP6n4DdDWT2W19Bm17vU69Q==",
      "requires": {
        "@octokit/types": "^8.0.0"
      }
    },
    "@octokit/core": {
      "version": "4.1.0",
      "resolved": "https://registry.npmjs.org/@octokit/core/-/core-4.1.0.tgz",
      "integrity": "sha512-Czz/59VefU+kKDy+ZfDwtOIYIkFjExOKf+HA92aiTZJ6EfWpFzYQWw0l54ji8bVmyhc+mGaLUbSUmXazG7z5OQ==",
      "requires": {
        "@octokit/auth-token": "^3.0.0",
        "@octokit/graphql": "^5.0.0",
        "@octokit/request": "^6.0.0",
        "@octokit/request-error": "^3.0.0",
        "@octokit/types": "^8.0.0",
        "before-after-hook": "^2.2.0",
        "universal-user-agent": "^6.0.0"
      }
    },
    "@octokit/endpoint": {
      "version": "7.0.3",
      "resolved": "https://registry.npmjs.org/@octokit/endpoint/-/endpoint-7.0.3.tgz",
      "integrity": "sha512-57gRlb28bwTsdNXq+O3JTQ7ERmBTuik9+LelgcLIVfYwf235VHbN9QNo4kXExtp/h8T423cR5iJThKtFYxC7Lw==",
      "requires": {
        "@octokit/types": "^8.0.0",
        "is-plain-object": "^5.0.0",
        "universal-user-agent": "^6.0.0"
      }
    },
    "@octokit/graphql": {
      "version": "5.0.4",
      "resolved": "https://registry.npmjs.org/@octokit/graphql/-/graphql-5.0.4.tgz",
      "integrity": "sha512-amO1M5QUQgYQo09aStR/XO7KAl13xpigcy/kI8/N1PnZYSS69fgte+xA4+c2DISKqUZfsh0wwjc2FaCt99L41A==",
      "requires": {
        "@octokit/request": "^6.0.0",
        "@octokit/types": "^8.0.0",
        "universal-user-agent": "^6.0.0"
      }
    },
    "@octokit/oauth-authorization-url": {
      "version": "5.0.0",
      "resolved": "https://registry.npmjs.org/@octokit/oauth-authorization-url/-/oauth-authorization-url-5.0.0.tgz",
      "integrity": "sha512-y1WhN+ERDZTh0qZ4SR+zotgsQUE1ysKnvBt1hvDRB2WRzYtVKQjn97HEPzoehh66Fj9LwNdlZh+p6TJatT0zzg=="
    },
    "@octokit/oauth-methods": {
      "version": "2.0.4",
      "resolved": "https://registry.npmjs.org/@octokit/oauth-methods/-/oauth-methods-2.0.4.tgz",
      "integrity": "sha512-RDSa6XL+5waUVrYSmOlYROtPq0+cfwppP4VaQY/iIei3xlFb0expH6YNsxNrZktcLhJWSpm9uzeom+dQrXlS3A==",
      "requires": {
        "@octokit/oauth-authorization-url": "^5.0.0",
        "@octokit/request": "^6.0.0",
        "@octokit/request-error": "^3.0.0",
        "@octokit/types": "^8.0.0",
        "btoa-lite": "^1.0.0"
      }
    },
    "@octokit/openapi-types": {
      "version": "14.0.0",
      "resolved": "https://registry.npmjs.org/@octokit/openapi-types/-/openapi-types-14.0.0.tgz",
      "integrity": "sha512-HNWisMYlR8VCnNurDU6os2ikx0s0VyEjDYHNS/h4cgb8DeOxQ0n72HyinUtdDVxJhFy3FWLGl0DJhfEWk3P5Iw=="
    },
    "@octokit/request": {
      "version": "6.2.2",
      "resolved": "https://registry.npmjs.org/@octokit/request/-/request-6.2.2.tgz",
      "integrity": "sha512-6VDqgj0HMc2FUX2awIs+sM6OwLgwHvAi4KCK3mT2H2IKRt6oH9d0fej5LluF5mck1lRR/rFWN0YIDSYXYSylbw==",
      "requires": {
        "@octokit/endpoint": "^7.0.0",
        "@octokit/request-error": "^3.0.0",
        "@octokit/types": "^8.0.0",
        "is-plain-object": "^5.0.0",
        "node-fetch": "^2.6.7",
        "universal-user-agent": "^6.0.0"
      }
    },
    "@octokit/request-error": {
      "version": "3.0.2",
      "resolved": "https://registry.npmjs.org/@octokit/request-error/-/request-error-3.0.2.tgz",
      "integrity": "sha512-WMNOFYrSaX8zXWoJg9u/pKgWPo94JXilMLb2VManNOby9EZxrQaBe/QSC4a1TzpAlpxofg2X/jMnCyZgL6y7eg==",
      "requires": {
        "@octokit/types": "^8.0.0",
        "deprecation": "^2.0.0",
        "once": "^1.4.0"
      }
    },
    "@octokit/types": {
      "version": "8.0.0",
      "resolved": "https://registry.npmjs.org/@octokit/types/-/types-8.0.0.tgz",
      "integrity": "sha512-65/TPpOJP1i3K4lBJMnWqPUJ6zuOtzhtagDvydAWbEXpbFYA0oMKKyLb95NFZZP0lSh/4b6K+DQlzvYQJQQePg==",
      "requires": {
        "@octokit/openapi-types": "^14.0.0"
      }
    },
    "@simple-dom/document": {
      "version": "1.4.0",
      "resolved": "https://registry.npmjs.org/@simple-dom/document/-/document-1.4.0.tgz",
      "integrity": "sha512-/RUeVH4kuD3rzo5/91+h4Z1meLSLP66eXqpVAw/4aZmYozkeqUkMprq0znL4psX/adEed5cBgiNJcfMz/eKZLg==",
      "requires": {
        "@simple-dom/interface": "^1.4.0"
      }
    },
    "@simple-dom/interface": {
      "version": "1.4.0",
      "resolved": "https://registry.npmjs.org/@simple-dom/interface/-/interface-1.4.0.tgz",
      "integrity": "sha512-l5qumKFWU0S+4ZzMaLXFU8tQZsicHEMEyAxI5kDFGhJsRqDwe0a7/iPA/GdxlGyDKseQQAgIz5kzU7eXTrlSpA=="
    },
    "@simple-dom/parser": {
      "version": "1.4.0",
      "resolved": "https://registry.npmjs.org/@simple-dom/parser/-/parser-1.4.0.tgz",
      "integrity": "sha512-TNjDkOehueRIKr1df416qk9ELj+qWuVVJNIT25y1aZg3pQvxv4UPGrgaDFte7dsWBTbF3V8NYPNQ5FDUZQ8Wlg==",
      "requires": {
        "@simple-dom/interface": "^1.4.0"
      }
    },
    "@simple-dom/serializer": {
      "version": "1.4.0",
      "resolved": "https://registry.npmjs.org/@simple-dom/serializer/-/serializer-1.4.0.tgz",
      "integrity": "sha512-mI1yRahsVs8atXLiQksineDsFEFqeG7RHwnnBTDOK6inbzl4tZQgjR+Z7edjgIJq5j5RhZvwPI6EuCji9B3eQw==",
      "requires": {
        "@simple-dom/interface": "^1.4.0"
      }
    },
    "@simple-dom/void-map": {
      "version": "1.4.0",
      "resolved": "https://registry.npmjs.org/@simple-dom/void-map/-/void-map-1.4.0.tgz",
      "integrity": "sha512-VDhLEyVCbuhOBBgHol9ShzIv9O8UCzdXeH4FoXu2DOcu/nnvTjLTck+BgXsCLv5ynDiUdoqsREEVFnoyPpFKVw=="
    },
    "@types/btoa-lite": {
      "version": "1.0.0",
      "resolved": "https://registry.npmjs.org/@types/btoa-lite/-/btoa-lite-1.0.0.tgz",
      "integrity": "sha512-wJsiX1tosQ+J5+bY5LrSahHxr2wT+uME5UDwdN1kg4frt40euqA+wzECkmq4t5QbveHiJepfdThgQrPw6KiSlg=="
    },
    "argparse": {
      "version": "1.0.10",
      "resolved": "https://registry.npmjs.org/argparse/-/argparse-1.0.10.tgz",
      "integrity": "sha512-o5Roy6tNG4SL/FOkCAN6RzjiakZS25RLYFrcMttJqbdd8BWrnA+fGz57iN5Pb06pvBGvl5gQ0B48dJlslXvoTg==",
      "requires": {
        "sprintf-js": "~1.0.2"
      }
    },
    "before-after-hook": {
      "version": "2.2.3",
      "resolved": "https://registry.npmjs.org/before-after-hook/-/before-after-hook-2.2.3.tgz",
      "integrity": "sha512-NzUnlZexiaH/46WDhANlyR2bXRopNg4F/zuSA3OpZnllCUgRaOF2znDioDWrmbNVsuZk6l9pMquQB38cfBZwkQ=="
    },
    "btoa-lite": {
      "version": "1.0.0",
      "resolved": "https://registry.npmjs.org/btoa-lite/-/btoa-lite-1.0.0.tgz",
      "integrity": "sha512-gvW7InbIyF8AicrqWoptdW08pUxuhq8BEgowNajy9RhiE86fmGAGl+bLKo6oB8QP0CkqHLowfN0oJdKC/J6LbA=="
    },
    "deprecation": {
      "version": "2.3.1",
      "resolved": "https://registry.npmjs.org/deprecation/-/deprecation-2.3.1.tgz",
      "integrity": "sha512-xmHIy4F3scKVwMsQ4WnVaS8bHOx0DmVwRywosKhaILI0ywMDWPtBSku2HNxRvF7jtwDRsoEwYQSfbxj8b7RlJQ=="
    },
    "domino": {
      "version": "2.1.6",
      "resolved": "https://registry.npmjs.org/domino/-/domino-2.1.6.tgz",
      "integrity": "sha512-3VdM/SXBZX2omc9JF9nOPCtDaYQ67BGp5CoLpIQlO2KCAPETs8TcDHacF26jXadGbvUteZzRTeos2fhID5+ucQ=="
    },
    "esprima": {
      "version": "4.0.1",
      "resolved": "https://registry.npmjs.org/esprima/-/esprima-4.0.1.tgz",
      "integrity": "sha512-eGuFFw7Upda+g4p+QHvnW0RyTX/SVeJBDM/gCtMARO0cLuT2HcEKnTPvhjV6aGeqrCB/sbNop0Kszm0jsaWU4A=="
    },
    "extend-shallow": {
      "version": "2.0.1",
      "resolved": "https://registry.npmjs.org/extend-shallow/-/extend-shallow-2.0.1.tgz",
      "integrity": "sha512-zCnTtlxNoAiDc3gqY2aYAWFx7XWWiasuF2K8Me5WbN8otHKTUKBwjPtNpRs/rbUZm7KxWAaNj7P1a/p52GbVug==",
      "requires": {
        "is-extendable": "^0.1.0"
      }
    },
    "gray-matter": {
      "version": "4.0.3",
      "resolved": "https://registry.npmjs.org/gray-matter/-/gray-matter-4.0.3.tgz",
      "integrity": "sha512-5v6yZd4JK3eMI3FqqCouswVqwugaA9r4dNZB1wwcmrD02QkV5H0y7XBQW8QwQqEaZY1pM9aqORSORhJRdNK44Q==",
      "requires": {
        "js-yaml": "^3.13.1",
        "kind-of": "^6.0.2",
        "section-matter": "^1.0.0",
        "strip-bom-string": "^1.0.0"
      }
    },
    "is-extendable": {
      "version": "0.1.1",
      "resolved": "https://registry.npmjs.org/is-extendable/-/is-extendable-0.1.1.tgz",
      "integrity": "sha512-5BMULNob1vgFX6EjQw5izWDxrecWK9AM72rugNr0TFldMOi0fj6Jk+zeKIt0xGj4cEfQIJth4w3OKWOJ4f+AFw=="
    },
    "is-plain-object": {
      "version": "5.0.0",
      "resolved": "https://registry.npmjs.org/is-plain-object/-/is-plain-object-5.0.0.tgz",
      "integrity": "sha512-VRSzKkbMm5jMDoKLbltAkFQ5Qr7VDiTFGXxYFXXowVj387GeGNOCsOH6Msy00SGZ3Fp84b1Naa1psqgcCIEP5Q=="
    },
    "js-yaml": {
      "version": "3.14.1",
      "resolved": "https://registry.npmjs.org/js-yaml/-/js-yaml-3.14.1.tgz",
      "integrity": "sha512-okMH7OXXJ7YrN9Ok3/SXrnu4iX9yOk+25nqX4imS2npuvTYDmo/QEZoqwZkYaIDk3jVvBOTOIEgEhaLOynBS9g==",
      "requires": {
        "argparse": "^1.0.7",
        "esprima": "^4.0.0"
      }
    },
    "kind-of": {
      "version": "6.0.3",
      "resolved": "https://registry.npmjs.org/kind-of/-/kind-of-6.0.3.tgz",
      "integrity": "sha512-dcS1ul+9tmeD95T+x28/ehLgd9mENa3LsvDTtzm3vyBEO7RPptvAD+t44WVXaUjTBRcrpFeFlC8WCruUR456hw=="
    },
    "mobiledoc-dom-renderer": {
      "version": "0.7.2",
      "resolved": "https://registry.npmjs.org/mobiledoc-dom-renderer/-/mobiledoc-dom-renderer-0.7.2.tgz",
      "integrity": "sha512-0vw/ybxCWXI0sIcBk9GVq3PMfVWJ4qpLWBal8ZoZVP/S5MMRjxFwyOctOfUmsY2dVi6BSvomp8yFqNloawwyig=="
    },
    "node-fetch": {
      "version": "2.6.7",
      "resolved": "https://registry.npmjs.org/node-fetch/-/node-fetch-2.6.7.tgz",
      "integrity": "sha512-ZjMPFEfVx5j+y2yF35Kzx5sF7kDzxuDj6ziH4FFbOp87zKDZNx8yExJIb05OGF4Nlt9IHFIMBkRl41VdvcNdbQ==",
      "requires": {
        "whatwg-url": "^5.0.0"
      }
    },
    "once": {
      "version": "1.4.0",
      "resolved": "https://registry.npmjs.org/once/-/once-1.4.0.tgz",
      "integrity": "sha512-lNaJgI+2Q5URQBkccEKHTQOPaXdUxnZZElQTZY0MFUAuaEqe1E+Nyvgdz/aIyNi6Z9MzO5dv1H8n58/GELp3+w==",
      "requires": {
        "wrappy": "1"
      }
    },
    "section-matter": {
      "version": "1.0.0",
      "resolved": "https://registry.npmjs.org/section-matter/-/section-matter-1.0.0.tgz",
      "integrity": "sha512-vfD3pmTzGpufjScBh50YHKzEu2lxBWhVEHsNGoEXmCmn2hKGfeNLYMzCJpe8cD7gqX7TJluOVpBkAequ6dgMmA==",
      "requires": {
        "extend-shallow": "^2.0.1",
        "kind-of": "^6.0.0"
      }
    },
    "simple-dom": {
      "version": "1.4.0",
      "resolved": "https://registry.npmjs.org/simple-dom/-/simple-dom-1.4.0.tgz",
      "integrity": "sha512-TnBPkmOyjdaOqyBMb4ick+n8c0Xv9Iwg1PykFV7hz9Se3UCiacTbRb+25cPmvozFNJLBUNvUzX/KsPfXF14ivA==",
      "requires": {
        "@simple-dom/document": "^1.4.0",
        "@simple-dom/interface": "^1.4.0",
        "@simple-dom/parser": "^1.4.0",
        "@simple-dom/serializer": "^1.4.0",
        "@simple-dom/void-map": "^1.4.0"
      }
    },
    "sprintf-js": {
      "version": "1.0.3",
      "resolved": "https://registry.npmjs.org/sprintf-js/-/sprintf-js-1.0.3.tgz",
      "integrity": "sha512-D9cPgkvLlV3t3IzL0D0YLvGA9Ahk4PcvVwUbN0dSGr1aP0Nrt4AEnTUbuGvquEC0mA64Gqt1fzirlRs5ibXx8g=="
    },
    "strip-bom-string": {
      "version": "1.0.0",
      "resolved": "https://registry.npmjs.org/strip-bom-string/-/strip-bom-string-1.0.0.tgz",
      "integrity": "sha512-uCC2VHvQRYu+lMh4My/sFNmF2klFymLX1wHJeXnbEJERpV/ZsVuonzerjfrGpIGF7LBVa1O7i9kjiWvJiFck8g=="
    },
    "tr46": {
      "version": "0.0.3",
      "resolved": "https://registry.npmjs.org/tr46/-/tr46-0.0.3.tgz",
      "integrity": "sha512-N3WMsuqV66lT30CrXNbEjx4GEwlow3v6rr4mCcv6prnfwhS01rkgyFdjPNBYd9br7LpXV1+Emh01fHnq2Gdgrw=="
    },
    "turndown": {
      "version": "7.1.1",
      "resolved": "https://registry.npmjs.org/turndown/-/turndown-7.1.1.tgz",
      "integrity": "sha512-BEkXaWH7Wh7e9bd2QumhfAXk5g34+6QUmmWx+0q6ThaVOLuLUqsnkq35HQ5SBHSaxjSfSM7US5o4lhJNH7B9MA==",
      "requires": {
        "domino": "^2.1.6"
      }
    },
    "universal-user-agent": {
      "version": "6.0.0",
      "resolved": "https://registry.npmjs.org/universal-user-agent/-/universal-user-agent-6.0.0.tgz",
      "integrity": "sha512-isyNax3wXoKaulPDZWHQqbmIx1k2tb9fb3GGDBRxCscfYV2Ch7WxPArBsFEG8s/safwXTT7H4QGhaIkTp9447w=="
    },
    "webidl-conversions": {
      "version": "3.0.1",
      "resolved": "https://registry.npmjs.org/webidl-conversions/-/webidl-conversions-3.0.1.tgz",
      "integrity": "sha512-2JAn3z8AR6rjK8Sm8orRC0h/bcl/DqL7tRPdGZ4I1CjdF+EaMLmYxBHyXuKL849eucPFhvBoxMsflfOb8kxaeQ=="
    },
    "whatwg-url": {
      "version": "5.0.0",
      "resolved": "https://registry.npmjs.org/whatwg-url/-/whatwg-url-5.0.0.tgz",
      "integrity": "sha512-saE57nupxk6v3HY35+jzBwYa0rKSy0XR8JSxZPwgLr7ys0IBzhGviA1/TUGJLmSVqs8pb9AnvICXEuOHLprYTw==",
      "requires": {
        "tr46": "~0.0.3",
        "webidl-conversions": "^3.0.0"
      }
    },
    "wrappy": {
      "version": "1.0.2",
      "resolved": "https://registry.npmjs.org/wrappy/-/wrappy-1.0.2.tgz",
      "integrity": "sha512-l4Sp/DRseor9wL6EvV2+TuQn63dMkPjZ/sp9XkghTEbV9KlPS1xUsZ3u7/IQO4wxtcFB4bgpQPRcR3QCvezPcQ=="
    }
  }
}
